{
  "version": 4,
  "terraform_version": "1.6.6",
  "serial": 95,
  "lineage": "00c6782c-3d48-4d0e-218d-04e7aab9cbc7",
  "outputs": {},
  "resources": [
    {
      "mode": "managed",
      "type": "aws_ecs_cluster",
      "name": "ECS",
      "provider": "provider[\"registry.terraform.io/hashicorp/aws\"]",
      "instances": [
        {
          "schema_version": 0,
          "attributes": {
            "arn": "arn:aws:ecs:us-east-1:590184139897:cluster/my-cluster",
            "configuration": [],
            "id": "arn:aws:ecs:us-east-1:590184139897:cluster/my-cluster",
            "name": "my-cluster",
            "service_connect_defaults": [],
            "setting": [
              {
                "name": "containerInsights",
                "value": "disabled"
              }
            ],
            "tags": {
              "Name": "my-new-cluster"
            },
            "tags_all": {
              "Name": "my-new-cluster"
            }
          },
          "sensitive_attributes": [],
          "private": "bnVsbA=="
        }
      ]
    }
  ],
  "check_results": null
}
